
Microsoft Visual Studio Solution File, Format Version 12.00
Project("{FAE04EC0-301F-11D3-BF4B-00C04F79EFBC}") = "PdfService.Models", "src\PdfService.Models\PdfService.Models.csproj", "{A4E1B42C-ED31-417C-80BC-2F433C04AB08}"
EndProject
Project("{FAE04EC0-301F-11D3-BF4B-00C04F79EFBC}") = "PdfService", "src\PdfService\PdfService.csproj", "{83A8F99E-DF4A-44BC-956D-2041E078871E}"
EndProject
Project("{FAE04EC0-301F-11D3-BF4B-00C04F79EFBC}") = "PdfService.Client", "src\PdfService.Client\PdfService.Client.csproj", "{CCDA6FB6-666C-44E2-9858-31F8229A6AAD}"
EndProject
Project("{FAE04EC0-301F-11D3-BF4B-00C04F79EFBC}") = "PdfService.ArmTemplates", "deploy\PdfService.ArmTemplates\PdfService.ArmTemplates.deployproj", "{81ECA6B6-9FAB-4831-B1CF-7AF1284EE92E}"
EndProject
Project("{2150E333-8FDC-42A3-9474-1A3956D46DE8}") = "deploy", "deploy", "{5DBB9048-6683-436D-AF90-80F9776D5FAB}"
EndProject
Global
	GlobalSection(SolutionConfigurationPlatforms) = preSolution
		Debug|Any CPU = Debug|Any CPU
		Release|Any CPU = Release|Any CPU
	EndGlobalSection
	GlobalSection(ProjectConfigurationPlatforms) = postSolution
		{A4E1B42C-ED31-417C-80BC-2F433C04AB08}.Debug|Any CPU.ActiveCfg = Debug|Any CPU
		{A4E1B42C-ED31-417C-80BC-2F433C04AB08}.Debug|Any CPU.Build.0 = Debug|Any CPU
		{A4E1B42C-ED31-417C-80BC-2F433C04AB08}.Release|Any CPU.ActiveCfg = Release|Any CPU
		{A4E1B42C-ED31-417C-80BC-2F433C04AB08}.Release|Any CPU.Build.0 = Release|Any CPU
		{83A8F99E-DF4A-44BC-956D-2041E078871E}.Debug|Any CPU.ActiveCfg = Debug|Any CPU
		{83A8F99E-DF4A-44BC-956D-2041E078871E}.Debug|Any CPU.Build.0 = Debug|Any CPU
		{83A8F99E-DF4A-44BC-956D-2041E078871E}.Release|Any CPU.ActiveCfg = Release|Any CPU
		{83A8F99E-DF4A-44BC-956D-2041E078871E}.Release|Any CPU.Build.0 = Release|Any CPU
		{CCDA6FB6-666C-44E2-9858-31F8229A6AAD}.Debug|Any CPU.ActiveCfg = Debug|Any CPU
		{CCDA6FB6-666C-44E2-9858-31F8229A6AAD}.Debug|Any CPU.Build.0 = Debug|Any CPU
		{CCDA6FB6-666C-44E2-9858-31F8229A6AAD}.Release|Any CPU.ActiveCfg = Release|Any CPU
		{CCDA6FB6-666C-44E2-9858-31F8229A6AAD}.Release|Any CPU.Build.0 = Release|Any CPU
	EndGlobalSection
	GlobalSection(NestedProjects) = preSolution
		{81ECA6B6-9FAB-4831-B1CF-7AF1284EE92E} = {5DBB9048-6683-436D-AF90-80F9776D5FAB}
	EndGlobalSection
EndGlobal
